
Microsoft Visual Studio Solution File, Format Version 12.00
# Visual Studio Version 17
VisualStudioVersion = 17.1.32319.34
MinimumVisualStudioVersion = 10.0.40219.1
Project("{FAE04EC0-301F-11D3-BF4B-00C04F79EFBC}") = "ConsoleAppPoLLy", "ConsoleAppPoLLy\ConsoleAppPoLLy.csproj", "{12174CDA-202C-4D0B-9754-25F7F3C78466}"
EndProject
Global
	GlobalSection(SolutionConfigurationPlatforms) = preSolution
		Debug|Any CPU = Debug|Any CPU
		Release|Any CPU = Release|Any CPU
	EndGlobalSection
	GlobalSection(ProjectConfigurationPlatforms) = postSolution
		{12174CDA-202C-4D0B-9754-25F7F3C78466}.Debug|Any CPU.ActiveCfg = Debug|Any CPU
		{12174CDA-202C-4D0B-9754-25F7F3C78466}.Debug|Any CPU.Build.0 = Debug|Any CPU
		{12174CDA-202C-4D0B-9754-25F7F3C78466}.Release|Any CPU.ActiveCfg = Release|Any CPU
		{12174CDA-202C-4D0B-9754-25F7F3C78466}.Release|Any CPU.Build.0 = Release|Any CPU
	EndGlobalSection
	GlobalSection(SolutionProperties) = preSolution
		HideSolutionNode = FALSE
	EndGlobalSection
	GlobalSection(ExtensibilityGlobals) = postSolution
		SolutionGuid = {FDD9D73C-2DE2-4E17-8A3D-A0888AD18E59}
	EndGlobalSection
EndGlobal
